// !$*UTF8*$!
{
	archiveVersion = 1;
	classes = {
	};
	objectVersion = 50;
	objects = {

/* Begin PBXBuildFile section */
		00363FA50620598483CCEEC1 /* libPods-AppleNotMusic.a in Frameworks */ = {isa = PBXBuildFile; fileRef = 6270FB688242812E598FBE67 /* libPods-AppleNotMusic.a */; };
		3A4A4BE023F03FEA0055757D /* SearchResponse.swift in Sources */ = {isa = PBXBuildFile; fileRef = 3A4A4BDF23F03FEA0055757D /* SearchResponse.swift */; };
		3A4A4BE223F0576F0055757D /* NetworkService.swift in Sources */ = {isa = PBXBuildFile; fileRef = 3A4A4BE123F0576F0055757D /* NetworkService.swift */; };
		3A59CB4923F0601E003B1CD7 /* SearchPresenter.swift in Sources */ = {isa = PBXBuildFile; fileRef = 3A59CB4223F0601E003B1CD7 /* SearchPresenter.swift */; };
		3A59CB4A23F0601E003B1CD7 /* SearchWorker.swift in Sources */ = {isa = PBXBuildFile; fileRef = 3A59CB4323F0601E003B1CD7 /* SearchWorker.swift */; };
		3A59CB4B23F0601E003B1CD7 /* SearchRouter.swift in Sources */ = {isa = PBXBuildFile; fileRef = 3A59CB4423F0601E003B1CD7 /* SearchRouter.swift */; };
		3A59CB4C23F0601E003B1CD7 /* SearchModels.swift in Sources */ = {isa = PBXBuildFile; fileRef = 3A59CB4523F0601E003B1CD7 /* SearchModels.swift */; };
		3A59CB4D23F0601E003B1CD7 /* SearchViewController.swift in Sources */ = {isa = PBXBuildFile; fileRef = 3A59CB4623F0601E003B1CD7 /* SearchViewController.swift */; };
		3A59CB4E23F0601E003B1CD7 /* SearchInteractor.swift in Sources */ = {isa = PBXBuildFile; fileRef = 3A59CB4723F0601E003B1CD7 /* SearchInteractor.swift */; };
		3A59CB5123F0615F003B1CD7 /* SearchViewController.storyboard in Resources */ = {isa = PBXBuildFile; fileRef = 3A59CB5023F0615F003B1CD7 /* SearchViewController.storyboard */; };
		3A59CB5323F0643F003B1CD7 /* UIViewController.swift in Sources */ = {isa = PBXBuildFile; fileRef = 3A59CB5223F0643F003B1CD7 /* UIViewController.swift */; };
		3A778D5323EF5BED00AEF8FC /* AppDelegate.swift in Sources */ = {isa = PBXBuildFile; fileRef = 3A778D5223EF5BED00AEF8FC /* AppDelegate.swift */; };
		3A778D5523EF5BED00AEF8FC /* SceneDelegate.swift in Sources */ = {isa = PBXBuildFile; fileRef = 3A778D5423EF5BED00AEF8FC /* SceneDelegate.swift */; };
		3A778D5723EF5BED00AEF8FC /* ViewController.swift in Sources */ = {isa = PBXBuildFile; fileRef = 3A778D5623EF5BED00AEF8FC /* ViewController.swift */; };
		3A778D5A23EF5BED00AEF8FC /* Main.storyboard in Resources */ = {isa = PBXBuildFile; fileRef = 3A778D5823EF5BED00AEF8FC /* Main.storyboard */; };
		3A778D5C23EF5BEE00AEF8FC /* Assets.xcassets in Resources */ = {isa = PBXBuildFile; fileRef = 3A778D5B23EF5BEE00AEF8FC /* Assets.xcassets */; };
		3A778D5F23EF5BEE00AEF8FC /* LaunchScreen.storyboard in Resources */ = {isa = PBXBuildFile; fileRef = 3A778D5D23EF5BEE00AEF8FC /* LaunchScreen.storyboard */; };
		3A778D6723EF5C8600AEF8FC /* MainTabBarController.swift in Sources */ = {isa = PBXBuildFile; fileRef = 3A778D6623EF5C8600AEF8FC /* MainTabBarController.swift */; };
		3A83142623F08DF9009F0FFD /* TrackCell.xib in Resources */ = {isa = PBXBuildFile; fileRef = 3A83142523F08DF9009F0FFD /* TrackCell.xib */; };
		3A83142823F08E1E009F0FFD /* TrackCell.swift in Sources */ = {isa = PBXBuildFile; fileRef = 3A83142723F08E1E009F0FFD /* TrackCell.swift */; };
		3AE934B723F0B96800A7CA43 /* FooterView.swift in Sources */ = {isa = PBXBuildFile; fileRef = 3AE934B623F0B96800A7CA43 /* FooterView.swift */; };
		3AE934BA23F0C6D000A7CA43 /* TrackDetailView.xib in Resources */ = {isa = PBXBuildFile; fileRef = 3AE934B923F0C6D000A7CA43 /* TrackDetailView.xib */; };
		3AE934BC23F0C6DB00A7CA43 /* TrackDetailView.swift in Sources */ = {isa = PBXBuildFile; fileRef = 3AE934BB23F0C6DB00A7CA43 /* TrackDetailView.swift */; };
		3AE934BE23F13A2600A7CA43 /* CMTimeExt.swift in Sources */ = {isa = PBXBuildFile; fileRef = 3AE934BD23F13A2600A7CA43 /* CMTimeExt.swift */; };
/* End PBXBuildFile section */

/* Begin PBXFileReference section */
		178EAB5197DBE62A12F002C5 /* Pods-AppleNotMusic.debug.xcconfig */ = {isa = PBXFileReference; includeInIndex = 1; lastKnownFileType = text.xcconfig; name = "Pods-AppleNotMusic.debug.xcconfig"; path = "Target Support Files/Pods-AppleNotMusic/Pods-AppleNotMusic.debug.xcconfig"; sourceTree = "<group>"; };
		3A4A4BDF23F03FEA0055757D /* SearchResponse.swift */ = {isa = PBXFileReference; lastKnownFileType = sourcecode.swift; path = SearchResponse.swift; sourceTree = "<group>"; };
		3A4A4BE123F0576F0055757D /* NetworkService.swift */ = {isa = PBXFileReference; lastKnownFileType = sourcecode.swift; path = NetworkService.swift; sourceTree = "<group>"; };
		3A59CB4223F0601E003B1CD7 /* SearchPresenter.swift */ = {isa = PBXFileReference; lastKnownFileType = sourcecode.swift; path = SearchPresenter.swift; sourceTree = "<group>"; };
		3A59CB4323F0601E003B1CD7 /* SearchWorker.swift */ = {isa = PBXFileReference; lastKnownFileType = sourcecode.swift; path = SearchWorker.swift; sourceTree = "<group>"; };
		3A59CB4423F0601E003B1CD7 /* SearchRouter.swift */ = {isa = PBXFileReference; lastKnownFileType = sourcecode.swift; path = SearchRouter.swift; sourceTree = "<group>"; };
		3A59CB4523F0601E003B1CD7 /* SearchModels.swift */ = {isa = PBXFileReference; lastKnownFileType = sourcecode.swift; path = SearchModels.swift; sourceTree = "<group>"; };
		3A59CB4623F0601E003B1CD7 /* SearchViewController.swift */ = {isa = PBXFileReference; lastKnownFileType = sourcecode.swift; path = SearchViewController.swift; sourceTree = "<group>"; };
		3A59CB4723F0601E003B1CD7 /* SearchInteractor.swift */ = {isa = PBXFileReference; lastKnownFileType = sourcecode.swift; path = SearchInteractor.swift; sourceTree = "<group>"; };
		3A59CB5023F0615F003B1CD7 /* SearchViewController.storyboard */ = {isa = PBXFileReference; lastKnownFileType = file.storyboard; path = SearchViewController.storyboard; sourceTree = "<group>"; };
		3A59CB5223F0643F003B1CD7 /* UIViewController.swift */ = {isa = PBXFileReference; lastKnownFileType = sourcecode.swift; path = UIViewController.swift; sourceTree = "<group>"; };
		3A778D4F23EF5BED00AEF8FC /* AppleNotMusic.app */ = {isa = PBXFileReference; explicitFileType = wrapper.application; includeInIndex = 0; path = AppleNotMusic.app; sourceTree = BUILT_PRODUCTS_DIR; };
		3A778D5223EF5BED00AEF8FC /* AppDelegate.swift */ = {isa = PBXFileReference; lastKnownFileType = sourcecode.swift; path = AppDelegate.swift; sourceTree = "<group>"; };
		3A778D5423EF5BED00AEF8FC /* SceneDelegate.swift */ = {isa = PBXFileReference; lastKnownFileType = sourcecode.swift; path = SceneDelegate.swift; sourceTree = "<group>"; };
		3A778D5623EF5BED00AEF8FC /* ViewController.swift */ = {isa = PBXFileReference; lastKnownFileType = sourcecode.swift; path = ViewController.swift; sourceTree = "<group>"; };
		3A778D5923EF5BED00AEF8FC /* Base */ = {isa = PBXFileReference; lastKnownFileType = file.storyboard; name = Base; path = Base.lproj/Main.storyboard; sourceTree = "<group>"; };
		3A778D5B23EF5BEE00AEF8FC /* Assets.xcassets */ = {isa = PBXFileReference; lastKnownFileType = folder.assetcatalog; path = Assets.xcassets; sourceTree = "<group>"; };
		3A778D5E23EF5BEE00AEF8FC /* Base */ = {isa = PBXFileReference; lastKnownFileType = file.storyboard; name = Base; path = Base.lproj/LaunchScreen.storyboard; sourceTree = "<group>"; };
		3A778D6023EF5BEE00AEF8FC /* Info.plist */ = {isa = PBXFileReference; lastKnownFileType = text.plist.xml; path = Info.plist; sourceTree = "<group>"; };
		3A778D6623EF5C8600AEF8FC /* MainTabBarController.swift */ = {isa = PBXFileReference; lastKnownFileType = sourcecode.swift; path = MainTabBarController.swift; sourceTree = "<group>"; };
		3A83142523F08DF9009F0FFD /* TrackCell.xib */ = {isa = PBXFileReference; lastKnownFileType = file.xib; path = TrackCell.xib; sourceTree = "<group>"; };
		3A83142723F08E1E009F0FFD /* TrackCell.swift */ = {isa = PBXFileReference; lastKnownFileType = sourcecode.swift; path = TrackCell.swift; sourceTree = "<group>"; };
		3AE934B623F0B96800A7CA43 /* FooterView.swift */ = {isa = PBXFileReference; lastKnownFileType = sourcecode.swift; path = FooterView.swift; sourceTree = "<group>"; };
		3AE934B923F0C6D000A7CA43 /* TrackDetailView.xib */ = {isa = PBXFileReference; lastKnownFileType = file.xib; path = TrackDetailView.xib; sourceTree = "<group>"; };
		3AE934BB23F0C6DB00A7CA43 /* TrackDetailView.swift */ = {isa = PBXFileReference; lastKnownFileType = sourcecode.swift; path = TrackDetailView.swift; sourceTree = "<group>"; };
		3AE934BD23F13A2600A7CA43 /* CMTimeExt.swift */ = {isa = PBXFileReference; lastKnownFileType = sourcecode.swift; path = CMTimeExt.swift; sourceTree = "<group>"; };
		6270FB688242812E598FBE67 /* libPods-AppleNotMusic.a */ = {isa = PBXFileReference; explicitFileType = archive.ar; includeInIndex = 0; path = "libPods-AppleNotMusic.a"; sourceTree = BUILT_PRODUCTS_DIR; };
		D5BDE5D47C9B46431916D207 /* Pods-AppleNotMusic.release.xcconfig */ = {isa = PBXFileReference; includeInIndex = 1; lastKnownFileType = text.xcconfig; name = "Pods-AppleNotMusic.release.xcconfig"; path = "Target Support Files/Pods-AppleNotMusic/Pods-AppleNotMusic.release.xcconfig"; sourceTree = "<group>"; };
/* End PBXFileReference section */

/* Begin PBXFrameworksBuildPhase section */
		3A778D4C23EF5BED00AEF8FC /* Frameworks */ = {
			isa = PBXFrameworksBuildPhase;
			buildActionMask = 2147483647;
			files = (
				00363FA50620598483CCEEC1 /* libPods-AppleNotMusic.a in Frameworks */,
			);
			runOnlyForDeploymentPostprocessing = 0;
		};
/* End PBXFrameworksBuildPhase section */

/* Begin PBXGroup section */
		3A59CB3223F05F23003B1CD7 /* Search */ = {
			isa = PBXGroup;
			children = (
				3AE934B823F0C69F00A7CA43 /* TrackDetailView */,
				3AE934B523F0B95000A7CA43 /* FooterView */,
				3A83142423F08DD2009F0FFD /* Cell */,
				3A59CB5023F0615F003B1CD7 /* SearchViewController.storyboard */,
				3A59CB4623F0601E003B1CD7 /* SearchViewController.swift */,
				3A59CB4223F0601E003B1CD7 /* SearchPresenter.swift */,
				3A59CB4323F0601E003B1CD7 /* SearchWorker.swift */,
				3A59CB4423F0601E003B1CD7 /* SearchRouter.swift */,
				3A59CB4523F0601E003B1CD7 /* SearchModels.swift */,
				3A59CB4723F0601E003B1CD7 /* SearchInteractor.swift */,
			);
			path = Search;
			sourceTree = "<group>";
		};
		3A59CB4123F05F7F003B1CD7 /* Services */ = {
			isa = PBXGroup;
			children = (
				3A4A4BE123F0576F0055757D /* NetworkService.swift */,
			);
			path = Services;
			sourceTree = "<group>";
		};
		3A59CB5423F06454003B1CD7 /* Helpers */ = {
			isa = PBXGroup;
			children = (
				3A59CB5223F0643F003B1CD7 /* UIViewController.swift */,
				3AE934BD23F13A2600A7CA43 /* CMTimeExt.swift */,
			);
			path = Helpers;
			sourceTree = "<group>";
		};
		3A778D4623EF5BED00AEF8FC = {
			isa = PBXGroup;
			children = (
				3A778D5123EF5BED00AEF8FC /* AppleNotMusic */,
				3A778D5023EF5BED00AEF8FC /* Products */,
				774C8815023A89615030F54D /* Pods */,
				E7E851DAE07D8A8B8BE0C008 /* Frameworks */,
			);
			sourceTree = "<group>";
		};
		3A778D5023EF5BED00AEF8FC /* Products */ = {
			isa = PBXGroup;
			children = (
				3A778D4F23EF5BED00AEF8FC /* AppleNotMusic.app */,
			);
			name = Products;
			sourceTree = "<group>";
		};
		3A778D5123EF5BED00AEF8FC /* AppleNotMusic */ = {
			isa = PBXGroup;
			children = (
				3A59CB3223F05F23003B1CD7 /* Search */,
				3A778D5223EF5BED00AEF8FC /* AppDelegate.swift */,
				3A778D5423EF5BED00AEF8FC /* SceneDelegate.swift */,
				3A59CB4123F05F7F003B1CD7 /* Services */,
				3A778D5623EF5BED00AEF8FC /* ViewController.swift */,
				3A778D5823EF5BED00AEF8FC /* Main.storyboard */,
				3A778D5B23EF5BEE00AEF8FC /* Assets.xcassets */,
				3A778D5D23EF5BEE00AEF8FC /* LaunchScreen.storyboard */,
				3A4A4BDF23F03FEA0055757D /* SearchResponse.swift */,
				3A59CB5423F06454003B1CD7 /* Helpers */,
				3A778D6623EF5C8600AEF8FC /* MainTabBarController.swift */,
				3A778D6023EF5BEE00AEF8FC /* Info.plist */,
			);
			path = AppleNotMusic;
			sourceTree = "<group>";
		};
		3A83142423F08DD2009F0FFD /* Cell */ = {
			isa = PBXGroup;
			children = (
				3A83142523F08DF9009F0FFD /* TrackCell.xib */,
				3A83142723F08E1E009F0FFD /* TrackCell.swift */,
			);
			path = Cell;
			sourceTree = "<group>";
		};
		3AE934B523F0B95000A7CA43 /* FooterView */ = {
			isa = PBXGroup;
			children = (
				3AE934B623F0B96800A7CA43 /* FooterView.swift */,
			);
			path = FooterView;
			sourceTree = "<group>";
		};
		3AE934B823F0C69F00A7CA43 /* TrackDetailView */ = {
			isa = PBXGroup;
			children = (
				3AE934B923F0C6D000A7CA43 /* TrackDetailView.xib */,
				3AE934BB23F0C6DB00A7CA43 /* TrackDetailView.swift */,
			);
			path = TrackDetailView;
			sourceTree = "<group>";
		};
		774C8815023A89615030F54D /* Pods */ = {
			isa = PBXGroup;
			children = (
				178EAB5197DBE62A12F002C5 /* Pods-AppleNotMusic.debug.xcconfig */,
				D5BDE5D47C9B46431916D207 /* Pods-AppleNotMusic.release.xcconfig */,
			);
			path = Pods;
			sourceTree = "<group>";
		};
		E7E851DAE07D8A8B8BE0C008 /* Frameworks */ = {
			isa = PBXGroup;
			children = (
				6270FB688242812E598FBE67 /* libPods-AppleNotMusic.a */,
			);
			name = Frameworks;
			sourceTree = "<group>";
		};
/* End PBXGroup section */

/* Begin PBXNativeTarget section */
		3A778D4E23EF5BED00AEF8FC /* AppleNotMusic */ = {
			isa = PBXNativeTarget;
			buildConfigurationList = 3A778D6323EF5BEE00AEF8FC /* Build configuration list for PBXNativeTarget "AppleNotMusic" */;
			buildPhases = (
				2645A83CF210AB7D1A285F9B /* [CP] Check Pods Manifest.lock */,
				3A778D4B23EF5BED00AEF8FC /* Sources */,
				3A778D4C23EF5BED00AEF8FC /* Frameworks */,
				3A778D4D23EF5BED00AEF8FC /* Resources */,
			);
			buildRules = (
			);
			dependencies = (
			);
			name = AppleNotMusic;
			productName = AppleNotMusic;
			productReference = 3A778D4F23EF5BED00AEF8FC /* AppleNotMusic.app */;
			productType = "com.apple.product-type.application";
		};
/* End PBXNativeTarget section */

/* Begin PBXProject section */
		3A778D4723EF5BED00AEF8FC /* Project object */ = {
			isa = PBXProject;
			attributes = {
				LastSwiftUpdateCheck = 1130;
				LastUpgradeCheck = 1130;
				ORGANIZATIONNAME = "Tony Blaire";
				TargetAttributes = {
					3A778D4E23EF5BED00AEF8FC = {
						CreatedOnToolsVersion = 11.3.1;
					};
				};
			};
			buildConfigurationList = 3A778D4A23EF5BED00AEF8FC /* Build configuration list for PBXProject "AppleNotMusic" */;
			compatibilityVersion = "Xcode 9.3";
			developmentRegion = en;
			hasScannedForEncodings = 0;
			knownRegions = (
				en,
				Base,
			);
			mainGroup = 3A778D4623EF5BED00AEF8FC;
			productRefGroup = 3A778D5023EF5BED00AEF8FC /* Products */;
			projectDirPath = "";
			projectRoot = "";
			targets = (
				3A778D4E23EF5BED00AEF8FC /* AppleNotMusic */,
			);
		};
/* End PBXProject section */

/* Begin PBXResourcesBuildPhase section */
		3A778D4D23EF5BED00AEF8FC /* Resources */ = {
			isa = PBXResourcesBuildPhase;
			buildActionMask = 2147483647;
			files = (
				3A778D5F23EF5BEE00AEF8FC /* LaunchScreen.storyboard in Resources */,
				3AE934BA23F0C6D000A7CA43 /* TrackDetailView.xib in Resources */,
				3A83142623F08DF9009F0FFD /* TrackCell.xib in Resources */,
				3A778D5C23EF5BEE00AEF8FC /* Assets.xcassets in Resources */,
				3A59CB5123F0615F003B1CD7 /* SearchViewController.storyboard in Resources */,
				3A778D5A23EF5BED00AEF8FC /* Main.storyboard in Resources */,
			);
			runOnlyForDeploymentPostprocessing = 0;
		};
/* End PBXResourcesBuildPhase section */

/* Begin PBXShellScriptBuildPhase section */
		2645A83CF210AB7D1A285F9B /* [CP] Check Pods Manifest.lock */ = {
			isa = PBXShellScriptBuildPhase;
			buildActionMask = 2147483647;
			files = (
			);
			inputFileListPaths = (
			);
			inputPaths = (
				"${PODS_PODFILE_DIR_PATH}/Podfile.lock",
				"${PODS_ROOT}/Manifest.lock",
			);
			name = "[CP] Check Pods Manifest.lock";
			outputFileListPaths = (
			);
			outputPaths = (
				"$(DERIVED_FILE_DIR)/Pods-AppleNotMusic-checkManifestLockResult.txt",
			);
			runOnlyForDeploymentPostprocessing = 0;
			shellPath = /bin/sh;
			shellScript = "diff \"${PODS_PODFILE_DIR_PATH}/Podfile.lock\" \"${PODS_ROOT}/Manifest.lock\" > /dev/null\nif [ $? != 0 ] ; then\n    # print error to STDERR\n    echo \"error: The sandbox is not in sync with the Podfile.lock. Run 'pod install' or update your CocoaPods installation.\" >&2\n    exit 1\nfi\n# This output is used by Xcode 'outputs' to avoid re-running this script phase.\necho \"SUCCESS\" > \"${SCRIPT_OUTPUT_FILE_0}\"\n";
			showEnvVarsInLog = 0;
		};
/* End PBXShellScriptBuildPhase section */

/* Begin PBXSourcesBuildPhase section */
		3A778D4B23EF5BED00AEF8FC /* Sources */ = {
			isa = PBXSourcesBuildPhase;
			buildActionMask = 2147483647;
			files = (
				3A59CB5323F0643F003B1CD7 /* UIViewController.swift in Sources */,
				3A778D5723EF5BED00AEF8FC /* ViewController.swift in Sources */,
				3A4A4BE023F03FEA0055757D /* SearchResponse.swift in Sources */,
				3AE934BC23F0C6DB00A7CA43 /* TrackDetailView.swift in Sources */,
				3AE934B723F0B96800A7CA43 /* FooterView.swift in Sources */,
				3A59CB4E23F0601E003B1CD7 /* SearchInteractor.swift in Sources */,
				3A778D5323EF5BED00AEF8FC /* AppDelegate.swift in Sources */,
				3A778D6723EF5C8600AEF8FC /* MainTabBarController.swift in Sources */,
				3A59CB4A23F0601E003B1CD7 /* SearchWorker.swift in Sources */,
				3A83142823F08E1E009F0FFD /* TrackCell.swift in Sources */,
				3A59CB4D23F0601E003B1CD7 /* SearchViewController.swift in Sources */,
				3A59CB4B23F0601E003B1CD7 /* SearchRouter.swift in Sources */,
				3A59CB4C23F0601E003B1CD7 /* SearchModels.swift in Sources */,
				3AE934BE23F13A2600A7CA43 /* CMTimeExt.swift in Sources */,
				3A778D5523EF5BED00AEF8FC /* SceneDelegate.swift in Sources */,
				3A59CB4923F0601E003B1CD7 /* SearchPresenter.swift in Sources */,
				3A4A4BE223F0576F0055757D /* NetworkService.swift in Sources */,
			);
			runOnlyForDeploymentPostprocessing = 0;
		};
/* End PBXSourcesBuildPhase section */

/* Begin PBXVariantGroup section */
		3A778D5823EF5BED00AEF8FC /* Main.storyboard */ = {
			isa = PBXVariantGroup;
			children = (
				3A778D5923EF5BED00AEF8FC /* Base */,
			);
			name = Main.storyboard;
			sourceTree = "<group>";
		};
		3A778D5D23EF5BEE00AEF8FC /* LaunchScreen.storyboard */ = {
			isa = PBXVariantGroup;
			children = (
				3A778D5E23EF5BEE00AEF8FC /* Base */,
			);
			name = LaunchScreen.storyboard;
			sourceTree = "<group>";
		};
/* End PBXVariantGroup section */

/* Begin XCBuildConfiguration section */
		3A778D6123EF5BEE00AEF8FC /* Debug */ = {
			isa = XCBuildConfiguration;
			buildSettings = {
				ALWAYS_SEARCH_USER_PATHS = NO;
				CLANG_ANALYZER_NONNULL = YES;
				CLANG_ANALYZER_NUMBER_OBJECT_CONVERSION = YES_AGGRESSIVE;
				CLANG_CXX_LANGUAGE_STANDARD = "gnu++14";
				CLANG_CXX_LIBRARY = "libc++";
				CLANG_ENABLE_MODULES = YES;
				CLANG_ENABLE_OBJC_ARC = YES;
				CLANG_ENABLE_OBJC_WEAK = YES;
				CLANG_WARN_BLOCK_CAPTURE_AUTORELEASING = YES;
				CLANG_WARN_BOOL_CONVERSION = YES;
				CLANG_WARN_COMMA = YES;
				CLANG_WARN_CONSTANT_CONVERSION = YES;
				CLANG_WARN_DEPRECATED_OBJC_IMPLEMENTATIONS = YES;
				CLANG_WARN_DIRECT_OBJC_ISA_USAGE = YES_ERROR;
				CLANG_WARN_DOCUMENTATION_COMMENTS = YES;
				CLANG_WARN_EMPTY_BODY = YES;
				CLANG_WARN_ENUM_CONVERSION = YES;
				CLANG_WARN_INFINITE_RECURSION = YES;
				CLANG_WARN_INT_CONVERSION = YES;
				CLANG_WARN_NON_LITERAL_NULL_CONVERSION = YES;
				CLANG_WARN_OBJC_IMPLICIT_RETAIN_SELF = YES;
				CLANG_WARN_OBJC_LITERAL_CONVERSION = YES;
				CLANG_WARN_OBJC_ROOT_CLASS = YES_ERROR;
				CLANG_WARN_RANGE_LOOP_ANALYSIS = YES;
				CLANG_WARN_STRICT_PROTOTYPES = YES;
				CLANG_WARN_SUSPICIOUS_MOVE = YES;
				CLANG_WARN_UNGUARDED_AVAILABILITY = YES_AGGRESSIVE;
				CLANG_WARN_UNREACHABLE_CODE = YES;
				CLANG_WARN__DUPLICATE_METHOD_MATCH = YES;
				COPY_PHASE_STRIP = NO;
				DEBUG_INFORMATION_FORMAT = dwarf;
				ENABLE_STRICT_OBJC_MSGSEND = YES;
				ENABLE_TESTABILITY = YES;
				GCC_C_LANGUAGE_STANDARD = gnu11;
				GCC_DYNAMIC_NO_PIC = NO;
				GCC_NO_COMMON_BLOCKS = YES;
				GCC_OPTIMIZATION_LEVEL = 0;
				GCC_PREPROCESSOR_DEFINITIONS = (
					"DEBUG=1",
					"$(inherited)",
				);
				GCC_WARN_64_TO_32_BIT_CONVERSION = YES;
				GCC_WARN_ABOUT_RETURN_TYPE = YES_ERROR;
				GCC_WARN_UNDECLARED_SELECTOR = YES;
				GCC_WARN_UNINITIALIZED_AUTOS = YES_AGGRESSIVE;
				GCC_WARN_UNUSED_FUNCTION = YES;
				GCC_WARN_UNUSED_VARIABLE = YES;
				IPHONEOS_DEPLOYMENT_TARGET = 13.2;
				MTL_ENABLE_DEBUG_INFO = INCLUDE_SOURCE;
				MTL_FAST_MATH = YES;
				ONLY_ACTIVE_ARCH = YES;
				SDKROOT = iphoneos;
				SWIFT_ACTIVE_COMPILATION_CONDITIONS = DEBUG;
				SWIFT_OPTIMIZATION_LEVEL = "-Onone";
			};
			name = Debug;
		};
		3A778D6223EF5BEE00AEF8FC /* Release */ = {
			isa = XCBuildConfiguration;
			buildSettings = {
				ALWAYS_SEARCH_USER_PATHS = NO;
				CLANG_ANALYZER_NONNULL = YES;
				CLANG_ANALYZER_NUMBER_OBJECT_CONVERSION = YES_AGGRESSIVE;
				CLANG_CXX_LANGUAGE_STANDARD = "gnu++14";
				CLANG_CXX_LIBRARY = "libc++";
				CLANG_ENABLE_MODULES = YES;
				CLANG_ENABLE_OBJC_ARC = YES;
				CLANG_ENABLE_OBJC_WEAK = YES;
				CLANG_WARN_BLOCK_CAPTURE_AUTORELEASING = YES;
				CLANG_WARN_BOOL_CONVERSION = YES;
				CLANG_WARN_COMMA = YES;
				CLANG_WARN_CONSTANT_CONVERSION = YES;
				CLANG_WARN_DEPRECATED_OBJC_IMPLEMENTATIONS = YES;
				CLANG_WARN_DIRECT_OBJC_ISA_USAGE = YES_ERROR;
				CLANG_WARN_DOCUMENTATION_COMMENTS = YES;
				CLANG_WARN_EMPTY_BODY = YES;
				CLANG_WARN_ENUM_CONVERSION = YES;
				CLANG_WARN_INFINITE_RECURSION = YES;
				CLANG_WARN_INT_CONVERSION = YES;
				CLANG_WARN_NON_LITERAL_NULL_CONVERSION = YES;
				CLANG_WARN_OBJC_IMPLICIT_RETAIN_SELF = YES;
				CLANG_WARN_OBJC_LITERAL_CONVERSION = YES;
				CLANG_WARN_OBJC_ROOT_CLASS = YES_ERROR;
				CLANG_WARN_RANGE_LOOP_ANALYSIS = YES;
				CLANG_WARN_STRICT_PROTOTYPES = YES;
				CLANG_WARN_SUSPICIOUS_MOVE = YES;
				CLANG_WARN_UNGUARDED_AVAILABILITY = YES_AGGRESSIVE;
				CLANG_WARN_UNREACHABLE_CODE = YES;
				CLANG_WARN__DUPLICATE_METHOD_MATCH = YES;
				COPY_PHASE_STRIP = NO;
				DEBUG_INFORMATION_FORMAT = "dwarf-with-dsym";
				ENABLE_NS_ASSERTIONS = NO;
				ENABLE_STRICT_OBJC_MSGSEND = YES;
				GCC_C_LANGUAGE_STANDARD = gnu11;
				GCC_NO_COMMON_BLOCKS = YES;
				GCC_WARN_64_TO_32_BIT_CONVERSION = YES;
				GCC_WARN_ABOUT_RETURN_TYPE = YES_ERROR;
				GCC_WARN_UNDECLARED_SELECTOR = YES;
				GCC_WARN_UNINITIALIZED_AUTOS = YES_AGGRESSIVE;
				GCC_WARN_UNUSED_FUNCTION = YES;
				GCC_WARN_UNUSED_VARIABLE = YES;
				IPHONEOS_DEPLOYMENT_TARGET = 13.2;
				MTL_ENABLE_DEBUG_INFO = NO;
				MTL_FAST_MATH = YES;
				SDKROOT = iphoneos;
				SWIFT_COMPILATION_MODE = wholemodule;
				SWIFT_OPTIMIZATION_LEVEL = "-O";
				VALIDATE_PRODUCT = YES;
			};
			name = Release;
		};
		3A778D6423EF5BEE00AEF8FC /* Debug */ = {
			isa = XCBuildConfiguration;
			baseConfigurationReference = 178EAB5197DBE62A12F002C5 /* Pods-AppleNotMusic.debug.xcconfig */;
			buildSettings = {
				ASSETCATALOG_COMPILER_APPICON_NAME = AppIcon;
				CODE_SIGN_STYLE = Automatic;
				DEVELOPMENT_TEAM = R7N2FS7USH;
				INFOPLIST_FILE = AppleNotMusic/Info.plist;
				LD_RUNPATH_SEARCH_PATHS = (
					"$(inherited)",
					"@executable_path/Frameworks",
				);
				PRODUCT_BUNDLE_IDENTIFIER = apfomich.AppleNotMusic;
				PRODUCT_NAME = "$(TARGET_NAME)";
				SWIFT_VERSION = 5.0;
				TARGETED_DEVICE_FAMILY = "1,2";
			};
			name = Debug;
		};
		3A778D6523EF5BEE00AEF8FC /* Release */ = {
			isa = XCBuildConfiguration;
			baseConfigurationReference = D5BDE5D47C9B46431916D207 /* Pods-AppleNotMusic.release.xcconfig */;
			buildSettings = {
				ASSETCATALOG_COMPILER_APPICON_NAME = AppIcon;
				CODE_SIGN_STYLE = Automatic;
				DEVELOPMENT_TEAM = R7N2FS7USH;
				INFOPLIST_FILE = AppleNotMusic/Info.plist;
				LD_RUNPATH_SEARCH_PATHS = (
					"$(inherited)",
					"@executable_path/Frameworks",
				);
				PRODUCT_BUNDLE_IDENTIFIER = apfomich.AppleNotMusic;
				PRODUCT_NAME = "$(TARGET_NAME)";
				SWIFT_VERSION = 5.0;
				TARGETED_DEVICE_FAMILY = "1,2";
			};
			name = Release;
		};
/* End XCBuildConfiguration section */

/* Begin XCConfigurationList section */
		3A778D4A23EF5BED00AEF8FC /* Build configuration list for PBXProject "AppleNotMusic" */ = {
			isa = XCConfigurationList;
			buildConfigurations = (
				3A778D6123EF5BEE00AEF8FC /* Debug */,
				3A778D6223EF5BEE00AEF8FC /* Release */,
			);
			defaultConfigurationIsVisible = 0;
			defaultConfigurationName = Release;
		};
		3A778D6323EF5BEE00AEF8FC /* Build configuration list for PBXNativeTarget "AppleNotMusic" */ = {
			isa = XCConfigurationList;
			buildConfigurations = (
				3A778D6423EF5BEE00AEF8FC /* Debug */,
				3A778D6523EF5BEE00AEF8FC /* Release */,
			);
			defaultConfigurationIsVisible = 0;
			defaultConfigurationName = Release;
		};
/* End XCConfigurationList section */
	};
	rootObject = 3A778D4723EF5BED00AEF8FC /* Project object */;
}
