// !$*UTF8*$!
{
	archiveVersion = 1;
	classes = {
	};
	objectVersion = 50;
	objects = {

/* Begin PBXBuildFile section */
		3A778D5323EF5BED00AEF8FC /* AppDelegate.swift in Sources */ = {isa = PBXBuildFile; fileRef = 3A778D5223EF5BED00AEF8FC /* AppDelegate.swift */; };
		3A778D5523EF5BED00AEF8FC /* SceneDelegate.swift in Sources */ = {isa = PBXBuildFile; fileRef = 3A778D5423EF5BED00AEF8FC /* SceneDelegate.swift */; };
		3A778D5723EF5BED00AEF8FC /* ViewController.swift in Sources */ = {isa = PBXBuildFile; fileRef = 3A778D5623EF5BED00AEF8FC /* ViewController.swift */; };
		3A778D5A23EF5BED00AEF8FC /* Main.storyboard in Resources */ = {isa = PBXBuildFile; fileRef = 3A778D5823EF5BED00AEF8FC /* Main.storyboard */; };
		3A778D5C23EF5BEE00AEF8FC /* Assets.xcassets in Resources */ = {isa = PBXBuildFile; fileRef = 3A778D5B23EF5BEE00AEF8FC /* Assets.xcassets */; };
		3A778D5F23EF5BEE00AEF8FC /* LaunchScreen.storyboard in Resources */ = {isa = PBXBuildFile; fileRef = 3A778D5D23EF5BEE00AEF8FC /* LaunchScreen.storyboard */; };
		3A778D6723EF5C8600AEF8FC /* MainTabBarController.swift in Sources */ = {isa = PBXBuildFile; fileRef = 3A778D6623EF5C8600AEF8FC /* MainTabBarController.swift */; };
		3A778D6923EF5EAE00AEF8FC /* SearchViewController.swift in Sources */ = {isa = PBXBuildFile; fileRef = 3A778D6823EF5EAE00AEF8FC /* SearchViewController.swift */; };
		A50F6FE1EDA8DC91905050E0 /* libPods-AppleNotMusic.a in Frameworks */ = {isa = PBXBuildFile; fileRef = 3AF1FEFD6430F89E23D2E6FA /* libPods-AppleNotMusic.a */; };
/* End PBXBuildFile section */

/* Begin PBXFileReference section */
		3A778D4F23EF5BED00AEF8FC /* AppleNotMusic.app */ = {isa = PBXFileReference; explicitFileType = wrapper.application; includeInIndex = 0; path = AppleNotMusic.app; sourceTree = BUILT_PRODUCTS_DIR; };
		3A778D5223EF5BED00AEF8FC /* AppDelegate.swift */ = {isa = PBXFileReference; lastKnownFileType = sourcecode.swift; path = AppDelegate.swift; sourceTree = "<group>"; };
		3A778D5423EF5BED00AEF8FC /* SceneDelegate.swift */ = {isa = PBXFileReference; lastKnownFileType = sourcecode.swift; path = SceneDelegate.swift; sourceTree = "<group>"; };
		3A778D5623EF5BED00AEF8FC /* ViewController.swift */ = {isa = PBXFileReference; lastKnownFileType = sourcecode.swift; path = ViewController.swift; sourceTree = "<group>"; };
		3A778D5923EF5BED00AEF8FC /* Base */ = {isa = PBXFileReference; lastKnownFileType = file.storyboard; name = Base; path = Base.lproj/Main.storyboard; sourceTree = "<group>"; };
		3A778D5B23EF5BEE00AEF8FC /* Assets.xcassets */ = {isa = PBXFileReference; lastKnownFileType = folder.assetcatalog; path = Assets.xcassets; sourceTree = "<group>"; };
		3A778D5E23EF5BEE00AEF8FC /* Base */ = {isa = PBXFileReference; lastKnownFileType = file.storyboard; name = Base; path = Base.lproj/LaunchScreen.storyboard; sourceTree = "<group>"; };
		3A778D6023EF5BEE00AEF8FC /* Info.plist */ = {isa = PBXFileReference; lastKnownFileType = text.plist.xml; path = Info.plist; sourceTree = "<group>"; };
		3A778D6623EF5C8600AEF8FC /* MainTabBarController.swift */ = {isa = PBXFileReference; lastKnownFileType = sourcecode.swift; path = MainTabBarController.swift; sourceTree = "<group>"; };
		3A778D6823EF5EAE00AEF8FC /* SearchViewController.swift */ = {isa = PBXFileReference; lastKnownFileType = sourcecode.swift; path = SearchViewController.swift; sourceTree = "<group>"; };
		3AF1FEFD6430F89E23D2E6FA /* libPods-AppleNotMusic.a */ = {isa = PBXFileReference; explicitFileType = archive.ar; includeInIndex = 0; path = "libPods-AppleNotMusic.a"; sourceTree = BUILT_PRODUCTS_DIR; };
		B82232051A0E13F939B2D772 /* Pods-AppleNotMusic.release.xcconfig */ = {isa = PBXFileReference; includeInIndex = 1; lastKnownFileType = text.xcconfig; name = "Pods-AppleNotMusic.release.xcconfig"; path = "Target Support Files/Pods-AppleNotMusic/Pods-AppleNotMusic.release.xcconfig"; sourceTree = "<group>"; };
		D0A53E70CC535099C2834702 /* Pods-AppleNotMusic.debug.xcconfig */ = {isa = PBXFileReference; includeInIndex = 1; lastKnownFileType = text.xcconfig; name = "Pods-AppleNotMusic.debug.xcconfig"; path = "Target Support Files/Pods-AppleNotMusic/Pods-AppleNotMusic.debug.xcconfig"; sourceTree = "<group>"; };
/* End PBXFileReference section */

/* Begin PBXFrameworksBuildPhase section */
		3A778D4C23EF5BED00AEF8FC /* Frameworks */ = {
			isa = PBXFrameworksBuildPhase;
			buildActionMask = 2147483647;
			files = (
				A50F6FE1EDA8DC91905050E0 /* libPods-AppleNotMusic.a in Frameworks */,
			);
			runOnlyForDeploymentPostprocessing = 0;
		};
/* End PBXFrameworksBuildPhase section */

/* Begin PBXGroup section */
		1EA51352F746DBA8ACC41E56 /* Pods */ = {
			isa = PBXGroup;
			children = (
				D0A53E70CC535099C2834702 /* Pods-AppleNotMusic.debug.xcconfig */,
				B82232051A0E13F939B2D772 /* Pods-AppleNotMusic.release.xcconfig */,
			);
			name = Pods;
			path = Pods;
			sourceTree = "<group>";
		};
		3A778D4623EF5BED00AEF8FC = {
			isa = PBXGroup;
			children = (
				3A778D5123EF5BED00AEF8FC /* AppleNotMusic */,
				3A778D5023EF5BED00AEF8FC /* Products */,
				1EA51352F746DBA8ACC41E56 /* Pods */,
				92C893EED1A606E61EA9A087 /* Frameworks */,
			);
			sourceTree = "<group>";
		};
		3A778D5023EF5BED00AEF8FC /* Products */ = {
			isa = PBXGroup;
			children = (
				3A778D4F23EF5BED00AEF8FC /* AppleNotMusic.app */,
			);
			name = Products;
			sourceTree = "<group>";
		};
		3A778D5123EF5BED00AEF8FC /* AppleNotMusic */ = {
			isa = PBXGroup;
			children = (
				3A778D5223EF5BED00AEF8FC /* AppDelegate.swift */,
				3A778D5423EF5BED00AEF8FC /* SceneDelegate.swift */,
				3A778D5623EF5BED00AEF8FC /* ViewController.swift */,
				3A778D5823EF5BED00AEF8FC /* Main.storyboard */,
				3A778D5B23EF5BEE00AEF8FC /* Assets.xcassets */,
				3A778D5D23EF5BEE00AEF8FC /* LaunchScreen.storyboard */,
				3A778D6023EF5BEE00AEF8FC /* Info.plist */,
				3A778D6623EF5C8600AEF8FC /* MainTabBarController.swift */,
				3A778D6823EF5EAE00AEF8FC /* SearchViewController.swift */,
			);
			path = AppleNotMusic;
			sourceTree = "<group>";
		};
		92C893EED1A606E61EA9A087 /* Frameworks */ = {
			isa = PBXGroup;
			children = (
				3AF1FEFD6430F89E23D2E6FA /* libPods-AppleNotMusic.a */,
			);
			name = Frameworks;
			sourceTree = "<group>";
		};
/* End PBXGroup section */

/* Begin PBXNativeTarget section */
		3A778D4E23EF5BED00AEF8FC /* AppleNotMusic */ = {
			isa = PBXNativeTarget;
			buildConfigurationList = 3A778D6323EF5BEE00AEF8FC /* Build configuration list for PBXNativeTarget "AppleNotMusic" */;
			buildPhases = (
				4E088CDE2DFA3142122FBCC9 /* [CP] Check Pods Manifest.lock */,
				3A778D4B23EF5BED00AEF8FC /* Sources */,
				3A778D4C23EF5BED00AEF8FC /* Frameworks */,
				3A778D4D23EF5BED00AEF8FC /* Resources */,
			);
			buildRules = (
			);
			dependencies = (
			);
			name = AppleNotMusic;
			productName = AppleNotMusic;
			productReference = 3A778D4F23EF5BED00AEF8FC /* AppleNotMusic.app */;
			productType = "com.apple.product-type.application";
		};
/* End PBXNativeTarget section */

/* Begin PBXProject section */
		3A778D4723EF5BED00AEF8FC /* Project object */ = {
			isa = PBXProject;
			attributes = {
				LastSwiftUpdateCheck = 1130;
				LastUpgradeCheck = 1130;
				ORGANIZATIONNAME = "Tony Blaire";
				TargetAttributes = {
					3A778D4E23EF5BED00AEF8FC = {
						CreatedOnToolsVersion = 11.3.1;
					};
				};
			};
			buildConfigurationList = 3A778D4A23EF5BED00AEF8FC /* Build configuration list for PBXProject "AppleNotMusic" */;
			compatibilityVersion = "Xcode 9.3";
			developmentRegion = en;
			hasScannedForEncodings = 0;
			knownRegions = (
				en,
				Base,
			);
			mainGroup = 3A778D4623EF5BED00AEF8FC;
			productRefGroup = 3A778D5023EF5BED00AEF8FC /* Products */;
			projectDirPath = "";
			projectRoot = "";
			targets = (
				3A778D4E23EF5BED00AEF8FC /* AppleNotMusic */,
			);
		};
/* End PBXProject section */

/* Begin PBXResourcesBuildPhase section */
		3A778D4D23EF5BED00AEF8FC /* Resources */ = {
			isa = PBXResourcesBuildPhase;
			buildActionMask = 2147483647;
			files = (
				3A778D5F23EF5BEE00AEF8FC /* LaunchScreen.storyboard in Resources */,
				3A778D5C23EF5BEE00AEF8FC /* Assets.xcassets in Resources */,
				3A778D5A23EF5BED00AEF8FC /* Main.storyboard in Resources */,
			);
			runOnlyForDeploymentPostprocessing = 0;
		};
/* End PBXResourcesBuildPhase section */

/* Begin PBXShellScriptBuildPhase section */
		4E088CDE2DFA3142122FBCC9 /* [CP] Check Pods Manifest.lock */ = {
			isa = PBXShellScriptBuildPhase;
			buildActionMask = 2147483647;
			files = (
			);
			inputFileListPaths = (
			);
			inputPaths = (
				"${PODS_PODFILE_DIR_PATH}/Podfile.lock",
				"${PODS_ROOT}/Manifest.lock",
			);
			name = "[CP] Check Pods Manifest.lock";
			outputFileListPaths = (
			);
			outputPaths = (
				"$(DERIVED_FILE_DIR)/Pods-AppleNotMusic-checkManifestLockResult.txt",
			);
			runOnlyForDeploymentPostprocessing = 0;
			shellPath = /bin/sh;
			shellScript = "diff \"${PODS_PODFILE_DIR_PATH}/Podfile.lock\" \"${PODS_ROOT}/Manifest.lock\" > /dev/null\nif [ $? != 0 ] ; then\n    # print error to STDERR\n    echo \"error: The sandbox is not in sync with the Podfile.lock. Run 'pod install' or update your CocoaPods installation.\" >&2\n    exit 1\nfi\n# This output is used by Xcode 'outputs' to avoid re-running this script phase.\necho \"SUCCESS\" > \"${SCRIPT_OUTPUT_FILE_0}\"\n";
			showEnvVarsInLog = 0;
		};
/* End PBXShellScriptBuildPhase section */

/* Begin PBXSourcesBuildPhase section */
		3A778D4B23EF5BED00AEF8FC /* Sources */ = {
			isa = PBXSourcesBuildPhase;
			buildActionMask = 2147483647;
			files = (
				3A778D6923EF5EAE00AEF8FC /* SearchViewController.swift in Sources */,
				3A778D5723EF5BED00AEF8FC /* ViewController.swift in Sources */,
				3A778D5323EF5BED00AEF8FC /* AppDelegate.swift in Sources */,
				3A778D6723EF5C8600AEF8FC /* MainTabBarController.swift in Sources */,
				3A778D5523EF5BED00AEF8FC /* SceneDelegate.swift in Sources */,
			);
			runOnlyForDeploymentPostprocessing = 0;
		};
/* End PBXSourcesBuildPhase section */

/* Begin PBXVariantGroup section */
		3A778D5823EF5BED00AEF8FC /* Main.storyboard */ = {
			isa = PBXVariantGroup;
			children = (
				3A778D5923EF5BED00AEF8FC /* Base */,
			);
			name = Main.storyboard;
			sourceTree = "<group>";
		};
		3A778D5D23EF5BEE00AEF8FC /* LaunchScreen.storyboard */ = {
			isa = PBXVariantGroup;
			children = (
				3A778D5E23EF5BEE00AEF8FC /* Base */,
			);
			name = LaunchScreen.storyboard;
			sourceTree = "<group>";
		};
/* End PBXVariantGroup section */

/* Begin XCBuildConfiguration section */
		3A778D6123EF5BEE00AEF8FC /* Debug */ = {
			isa = XCBuildConfiguration;
			buildSettings = {
				ALWAYS_SEARCH_USER_PATHS = NO;
				CLANG_ANALYZER_NONNULL = YES;
				CLANG_ANALYZER_NUMBER_OBJECT_CONVERSION = YES_AGGRESSIVE;
				CLANG_CXX_LANGUAGE_STANDARD = "gnu++14";
				CLANG_CXX_LIBRARY = "libc++";
				CLANG_ENABLE_MODULES = YES;
				CLANG_ENABLE_OBJC_ARC = YES;
				CLANG_ENABLE_OBJC_WEAK = YES;
				CLANG_WARN_BLOCK_CAPTURE_AUTORELEASING = YES;
				CLANG_WARN_BOOL_CONVERSION = YES;
				CLANG_WARN_COMMA = YES;
				CLANG_WARN_CONSTANT_CONVERSION = YES;
				CLANG_WARN_DEPRECATED_OBJC_IMPLEMENTATIONS = YES;
				CLANG_WARN_DIRECT_OBJC_ISA_USAGE = YES_ERROR;
				CLANG_WARN_DOCUMENTATION_COMMENTS = YES;
				CLANG_WARN_EMPTY_BODY = YES;
				CLANG_WARN_ENUM_CONVERSION = YES;
				CLANG_WARN_INFINITE_RECURSION = YES;
				CLANG_WARN_INT_CONVERSION = YES;
				CLANG_WARN_NON_LITERAL_NULL_CONVERSION = YES;
				CLANG_WARN_OBJC_IMPLICIT_RETAIN_SELF = YES;
				CLANG_WARN_OBJC_LITERAL_CONVERSION = YES;
				CLANG_WARN_OBJC_ROOT_CLASS = YES_ERROR;
				CLANG_WARN_RANGE_LOOP_ANALYSIS = YES;
				CLANG_WARN_STRICT_PROTOTYPES = YES;
				CLANG_WARN_SUSPICIOUS_MOVE = YES;
				CLANG_WARN_UNGUARDED_AVAILABILITY = YES_AGGRESSIVE;
				CLANG_WARN_UNREACHABLE_CODE = YES;
				CLANG_WARN__DUPLICATE_METHOD_MATCH = YES;
				COPY_PHASE_STRIP = NO;
				DEBUG_INFORMATION_FORMAT = dwarf;
				ENABLE_STRICT_OBJC_MSGSEND = YES;
				ENABLE_TESTABILITY = YES;
				GCC_C_LANGUAGE_STANDARD = gnu11;
				GCC_DYNAMIC_NO_PIC = NO;
				GCC_NO_COMMON_BLOCKS = YES;
				GCC_OPTIMIZATION_LEVEL = 0;
				GCC_PREPROCESSOR_DEFINITIONS = (
					"DEBUG=1",
					"$(inherited)",
				);
				GCC_WARN_64_TO_32_BIT_CONVERSION = YES;
				GCC_WARN_ABOUT_RETURN_TYPE = YES_ERROR;
				GCC_WARN_UNDECLARED_SELECTOR = YES;
				GCC_WARN_UNINITIALIZED_AUTOS = YES_AGGRESSIVE;
				GCC_WARN_UNUSED_FUNCTION = YES;
				GCC_WARN_UNUSED_VARIABLE = YES;
				IPHONEOS_DEPLOYMENT_TARGET = 13.2;
				MTL_ENABLE_DEBUG_INFO = INCLUDE_SOURCE;
				MTL_FAST_MATH = YES;
				ONLY_ACTIVE_ARCH = YES;
				SDKROOT = iphoneos;
				SWIFT_ACTIVE_COMPILATION_CONDITIONS = DEBUG;
				SWIFT_OPTIMIZATION_LEVEL = "-Onone";
			};
			name = Debug;
		};
		3A778D6223EF5BEE00AEF8FC /* Release */ = {
			isa = XCBuildConfiguration;
			buildSettings = {
				ALWAYS_SEARCH_USER_PATHS = NO;
				CLANG_ANALYZER_NONNULL = YES;
				CLANG_ANALYZER_NUMBER_OBJECT_CONVERSION = YES_AGGRESSIVE;
				CLANG_CXX_LANGUAGE_STANDARD = "gnu++14";
				CLANG_CXX_LIBRARY = "libc++";
				CLANG_ENABLE_MODULES = YES;
				CLANG_ENABLE_OBJC_ARC = YES;
				CLANG_ENABLE_OBJC_WEAK = YES;
				CLANG_WARN_BLOCK_CAPTURE_AUTORELEASING = YES;
				CLANG_WARN_BOOL_CONVERSION = YES;
				CLANG_WARN_COMMA = YES;
				CLANG_WARN_CONSTANT_CONVERSION = YES;
				CLANG_WARN_DEPRECATED_OBJC_IMPLEMENTATIONS = YES;
				CLANG_WARN_DIRECT_OBJC_ISA_USAGE = YES_ERROR;
				CLANG_WARN_DOCUMENTATION_COMMENTS = YES;
				CLANG_WARN_EMPTY_BODY = YES;
				CLANG_WARN_ENUM_CONVERSION = YES;
				CLANG_WARN_INFINITE_RECURSION = YES;
				CLANG_WARN_INT_CONVERSION = YES;
				CLANG_WARN_NON_LITERAL_NULL_CONVERSION = YES;
				CLANG_WARN_OBJC_IMPLICIT_RETAIN_SELF = YES;
				CLANG_WARN_OBJC_LITERAL_CONVERSION = YES;
				CLANG_WARN_OBJC_ROOT_CLASS = YES_ERROR;
				CLANG_WARN_RANGE_LOOP_ANALYSIS = YES;
				CLANG_WARN_STRICT_PROTOTYPES = YES;
				CLANG_WARN_SUSPICIOUS_MOVE = YES;
				CLANG_WARN_UNGUARDED_AVAILABILITY = YES_AGGRESSIVE;
				CLANG_WARN_UNREACHABLE_CODE = YES;
				CLANG_WARN__DUPLICATE_METHOD_MATCH = YES;
				COPY_PHASE_STRIP = NO;
				DEBUG_INFORMATION_FORMAT = "dwarf-with-dsym";
				ENABLE_NS_ASSERTIONS = NO;
				ENABLE_STRICT_OBJC_MSGSEND = YES;
				GCC_C_LANGUAGE_STANDARD = gnu11;
				GCC_NO_COMMON_BLOCKS = YES;
				GCC_WARN_64_TO_32_BIT_CONVERSION = YES;
				GCC_WARN_ABOUT_RETURN_TYPE = YES_ERROR;
				GCC_WARN_UNDECLARED_SELECTOR = YES;
				GCC_WARN_UNINITIALIZED_AUTOS = YES_AGGRESSIVE;
				GCC_WARN_UNUSED_FUNCTION = YES;
				GCC_WARN_UNUSED_VARIABLE = YES;
				IPHONEOS_DEPLOYMENT_TARGET = 13.2;
				MTL_ENABLE_DEBUG_INFO = NO;
				MTL_FAST_MATH = YES;
				SDKROOT = iphoneos;
				SWIFT_COMPILATION_MODE = wholemodule;
				SWIFT_OPTIMIZATION_LEVEL = "-O";
				VALIDATE_PRODUCT = YES;
			};
			name = Release;
		};
		3A778D6423EF5BEE00AEF8FC /* Debug */ = {
			isa = XCBuildConfiguration;
			baseConfigurationReference = D0A53E70CC535099C2834702 /* Pods-AppleNotMusic.debug.xcconfig */;
			buildSettings = {
				ASSETCATALOG_COMPILER_APPICON_NAME = AppIcon;
				CODE_SIGN_STYLE = Automatic;
				DEVELOPMENT_TEAM = R7N2FS7USH;
				INFOPLIST_FILE = AppleNotMusic/Info.plist;
				LD_RUNPATH_SEARCH_PATHS = (
					"$(inherited)",
					"@executable_path/Frameworks",
				);
				PRODUCT_BUNDLE_IDENTIFIER = apfomich.AppleNotMusic;
				PRODUCT_NAME = "$(TARGET_NAME)";
				SWIFT_VERSION = 5.0;
				TARGETED_DEVICE_FAMILY = "1,2";
			};
			name = Debug;
		};
		3A778D6523EF5BEE00AEF8FC /* Release */ = {
			isa = XCBuildConfiguration;
			baseConfigurationReference = B82232051A0E13F939B2D772 /* Pods-AppleNotMusic.release.xcconfig */;
			buildSettings = {
				ASSETCATALOG_COMPILER_APPICON_NAME = AppIcon;
				CODE_SIGN_STYLE = Automatic;
				DEVELOPMENT_TEAM = R7N2FS7USH;
				INFOPLIST_FILE = AppleNotMusic/Info.plist;
				LD_RUNPATH_SEARCH_PATHS = (
					"$(inherited)",
					"@executable_path/Frameworks",
				);
				PRODUCT_BUNDLE_IDENTIFIER = apfomich.AppleNotMusic;
				PRODUCT_NAME = "$(TARGET_NAME)";
				SWIFT_VERSION = 5.0;
				TARGETED_DEVICE_FAMILY = "1,2";
			};
			name = Release;
		};
/* End XCBuildConfiguration section */

/* Begin XCConfigurationList section */
		3A778D4A23EF5BED00AEF8FC /* Build configuration list for PBXProject "AppleNotMusic" */ = {
			isa = XCConfigurationList;
			buildConfigurations = (
				3A778D6123EF5BEE00AEF8FC /* Debug */,
				3A778D6223EF5BEE00AEF8FC /* Release */,
			);
			defaultConfigurationIsVisible = 0;
			defaultConfigurationName = Release;
		};
		3A778D6323EF5BEE00AEF8FC /* Build configuration list for PBXNativeTarget "AppleNotMusic" */ = {
			isa = XCConfigurationList;
			buildConfigurations = (
				3A778D6423EF5BEE00AEF8FC /* Debug */,
				3A778D6523EF5BEE00AEF8FC /* Release */,
			);
			defaultConfigurationIsVisible = 0;
			defaultConfigurationName = Release;
		};
/* End XCConfigurationList section */
	};
	rootObject = 3A778D4723EF5BED00AEF8FC /* Project object */;
}
